
Microsoft Visual Studio Solution File, Format Version 12.00
# Visual Studio Version 17
VisualStudioVersion = 17.14.36511.14 d17.14
MinimumVisualStudioVersion = 10.0.40219.1
Project("{FAE04EC0-301F-11D3-BF4B-00C04F79EFBC}") = "TIC_TAC_TOE_GAME", "TIC_TAC_TOE_GAME.csproj", "{18320BD1-CB43-4E41-9E01-651CA02D2EE3}"
EndProject
Global
	GlobalSection(SolutionConfigurationPlatforms) = preSolution
		Debug|Any CPU = Debug|Any CPU
		Release|Any CPU = Release|Any CPU
	EndGlobalSection
	GlobalSection(ProjectConfigurationPlatforms) = postSolution
		{18320BD1-CB43-4E41-9E01-651CA02D2EE3}.Debug|Any CPU.ActiveCfg = Debug|Any CPU
		{18320BD1-CB43-4E41-9E01-651CA02D2EE3}.Debug|Any CPU.Build.0 = Debug|Any CPU
		{18320BD1-CB43-4E41-9E01-651CA02D2EE3}.Release|Any CPU.ActiveCfg = Release|Any CPU
		{18320BD1-CB43-4E41-9E01-651CA02D2EE3}.Release|Any CPU.Build.0 = Release|Any CPU
	EndGlobalSection
	GlobalSection(SolutionProperties) = preSolution
		HideSolutionNode = FALSE
	EndGlobalSection
	GlobalSection(ExtensibilityGlobals) = postSolution
		SolutionGuid = {D75C6A8D-A37D-4C18-9505-1ABE8C138EEB}
	EndGlobalSection
EndGlobal
